
Microsoft Visual Studio Solution File, Format Version 12.00
# Visual Studio Version 18
VisualStudioVersion = 18.0.11010.61
MinimumVisualStudioVersion = 10.0.40219.1
Project("{9A19103F-16F7-4668-BE54-9A1E7A4F7556}") = "NetRatel.AppHost", "src\NetRatel\NetRatel.AppHost\NetRatel.AppHost.csproj", "{BB440914-CCD4-4041-9B05-03420562CD20}"
EndProject
Project("{9A19103F-16F7-4668-BE54-9A1E7A4F7556}") = "NetRatel.ServiceDefaults", "src\NetRatel\NetRatel.ServiceDefaults\NetRatel.ServiceDefaults.csproj", "{46826932-8B96-4AD4-BA1C-353865CA001B}"
EndProject
Project("{9A19103F-16F7-4668-BE54-9A1E7A4F7556}") = "NetRatel.Client", "src\NetRatel\NetRatel.Client\NetRatel.Client.csproj", "{24EA7E7E-3A34-4C46-A625-B1BF1AEB0961}"
EndProject
Project("{9A19103F-16F7-4668-BE54-9A1E7A4F7556}") = "NetRatel.Web", "src\NetRatel\NetRatel.Web\NetRatel.Web.csproj", "{A14D5219-0425-4771-9C1A-425DACE9EF83}"
EndProject
Project("{9A19103F-16F7-4668-BE54-9A1E7A4F7556}") = "NetRatel.Shared", "src\NetRatel\NetRatel.Shared\NetRatel.Shared.csproj", "{661DAEA4-8F53-4435-BF78-8416C610A7F0}"
EndProject
Project("{FAE04EC0-301F-11D3-BF4B-00C04F79EFBC}") = "NetRatel.API", "src\NetRatel\NetRatel.API\NetRatel.API.csproj", "{1947FE6B-1D34-1E9D-D9CF-2EA4CC772C44}"
EndProject
Project("{FAE04EC0-301F-11D3-BF4B-00C04F79EFBC}") = "NetRatel.Tests", "src\NetRatel\NetRatel.Tests\NetRatel.Tests.csproj", "{1900F52E-DEE0-4CDB-B446-385DECE7C6EC}"
EndProject
Project("{FAE04EC0-301F-11D3-BF4B-00C04F79EFBC}") = "NetRatel.API.IntegrationTests", "src\NetRatel\NetRatel.API.IntegrationTests\NetRatel.API.IntegrationTests.csproj", "{A3FE3D73-94B8-4C82-B295-C970C560EA63}"
EndProject
Project("{FAE04EC0-301F-11D3-BF4B-00C04F79EFBC}") = "NetRatel.Web.ComponentTests", "src\NetRatel\NetRatel.Web.ComponentTests\NetRatel.Web.ComponentTests.csproj", "{A896BA35-41D2-440B-9CF5-C33B26345935}"
EndProject
Project("{FAE04EC0-301F-11D3-BF4B-00C04F79EFBC}") = "NetRatel.Application", "src\NetRatel\NetRatel.Application\NetRatel.Application.csproj", "{83F135D4-968B-41B3-B74F-1C7B3835EEAB}"
EndProject
Project("{FAE04EC0-301F-11D3-BF4B-00C04F79EFBC}") = "NetRatel.Infrastructure", "src\NetRatel\NetRatel.Infrastructure\NetRatel.Infrastructure.csproj", "{0F5E8822-1AB3-43A6-85DB-33CAA6537FC4}"
EndProject
Project("{FAE04EC0-301F-11D3-BF4B-00C04F79EFBC}") = "NetRatel.Cli", "src\NetRatel\NetRatel.Cli\NetRatel.Cli.csproj", "{C653AAEA-B6AD-442F-9107-831D665C30A1}"
EndProject
Project("{FAE04EC0-301F-11D3-BF4B-00C04F79EFBC}") = "NetRatel.AgentClient", "src\NetRatel\NetRatel.AgentClient\NetRatel.AgentClient.csproj", "{7C909FAF-D398-401A-AFC3-7717A0F39BF7}"
EndProject
Project("{FAE04EC0-301F-11D3-BF4B-00C04F79EFBC}") = "NetRatel.Mcp", "src\NetRatel\NetRatel.Mcp\NetRatel.Mcp.csproj", "{3C41AED3-E8A9-485A-8C2E-E1BF7A418CCA}"
EndProject
Project("{FAE04EC0-301F-11D3-BF4B-00C04F79EFBC}") = "NetRatel.AgentGateway.Contracts", "src\NetRatel\NetRatel.AgentGateway.Contracts\NetRatel.AgentGateway.Contracts.csproj", "{5FDEB5A4-6B35-4723-8E47-DD73655E066F}"
EndProject
Project("{FAE04EC0-301F-11D3-BF4B-00C04F79EFBC}") = "NetRatel.Akka", "src\NetRatel\NetRatel.Akka\NetRatel.Akka.csproj", "{9217E8FF-7D80-4A85-AD3E-93DBDEC4106C}"
EndProject
Project("{2150E333-8FDC-42A3-9474-1A3956D46DE8}") = "tests", "tests", "{0AB3BF05-4346-4AA6-1389-037BE0695223}"
EndProject
Project("{FAE04EC0-301F-11D3-BF4B-00C04F79EFBC}") = "NetRatel.Web.PlaywrightTests", "src\NetRatel\NetRatel.Web.PlaywrightTests\NetRatel.Web.PlaywrightTests.csproj", "{0FADC451-298B-4813-BD24-3160F35B1DB2}"
EndProject
Project("{FAE04EC0-301F-11D3-BF4B-00C04F79EFBC}") = "NetRatel.Mcp.Core", "src\NetRatel\NetRatel.Mcp.Core\NetRatel.Mcp.Core.csproj", "{186804AB-2577-4CD0-B043-EACD92046D31}"
EndProject
Project("{FAE04EC0-301F-11D3-BF4B-00C04F79EFBC}") = "NetRatel.Mcp.Http", "src\NetRatel\NetRatel.Mcp.Http\NetRatel.Mcp.Http.csproj", "{BD026A1F-053E-4345-9165-6C4C68D914B9}"
EndProject
Project("{2150E333-8FDC-42A3-9474-1A3956D46DE8}") = "src", "src", "{827E0CD3-B72D-47B6-A68D-7590B98EB39B}"
EndProject
Project("{2150E333-8FDC-42A3-9474-1A3956D46DE8}") = "NetRatel", "NetRatel", "{BDAA438D-2FBC-07AF-F2C4-BB2EA199DBEF}"
EndProject
Project("{FAE04EC0-301F-11D3-BF4B-00C04F79EFBC}") = "NetRatel.Migrations", "src\NetRatel\NetRatel.Migrations\NetRatel.Migrations.csproj", "{FFC3B172-17ED-4A9A-A77A-80CEB7781D51}"
EndProject
Global
	GlobalSection(SolutionConfigurationPlatforms) = preSolution
		Debug|Any CPU = Debug|Any CPU
		Debug|x64 = Debug|x64
		Debug|x86 = Debug|x86
		Release|Any CPU = Release|Any CPU
		Release|x64 = Release|x64
		Release|x86 = Release|x86
	EndGlobalSection
	GlobalSection(ProjectConfigurationPlatforms) = postSolution
		{BB440914-CCD4-4041-9B05-03420562CD20}.Debug|Any CPU.ActiveCfg = Debug|Any CPU
		{BB440914-CCD4-4041-9B05-03420562CD20}.Debug|Any CPU.Build.0 = Debug|Any CPU
		{BB440914-CCD4-4041-9B05-03420562CD20}.Debug|x64.ActiveCfg = Debug|Any CPU
		{BB440914-CCD4-4041-9B05-03420562CD20}.Debug|x64.Build.0 = Debug|Any CPU
		{BB440914-CCD4-4041-9B05-03420562CD20}.Debug|x86.ActiveCfg = Debug|Any CPU
		{BB440914-CCD4-4041-9B05-03420562CD20}.Debug|x86.Build.0 = Debug|Any CPU
		{BB440914-CCD4-4041-9B05-03420562CD20}.Release|Any CPU.ActiveCfg = Release|Any CPU
		{BB440914-CCD4-4041-9B05-03420562CD20}.Release|Any CPU.Build.0 = Release|Any CPU
		{BB440914-CCD4-4041-9B05-03420562CD20}.Release|x64.ActiveCfg = Release|Any CPU
		{BB440914-CCD4-4041-9B05-03420562CD20}.Release|x64.Build.0 = Release|Any CPU
		{BB440914-CCD4-4041-9B05-03420562CD20}.Release|x86.ActiveCfg = Release|Any CPU
		{BB440914-CCD4-4041-9B05-03420562CD20}.Release|x86.Build.0 = Release|Any CPU
		{46826932-8B96-4AD4-BA1C-353865CA001B}.Debug|Any CPU.ActiveCfg = Debug|Any CPU
		{46826932-8B96-4AD4-BA1C-353865CA001B}.Debug|Any CPU.Build.0 = Debug|Any CPU
		{46826932-8B96-4AD4-BA1C-353865CA001B}.Debug|x64.ActiveCfg = Debug|Any CPU
		{46826932-8B96-4AD4-BA1C-353865CA001B}.Debug|x64.Build.0 = Debug|Any CPU
		{46826932-8B96-4AD4-BA1C-353865CA001B}.Debug|x86.ActiveCfg = Debug|Any CPU
		{46826932-8B96-4AD4-BA1C-353865CA001B}.Debug|x86.Build.0 = Debug|Any CPU
		{46826932-8B96-4AD4-BA1C-353865CA001B}.Release|Any CPU.ActiveCfg = Release|Any CPU
		{46826932-8B96-4AD4-BA1C-353865CA001B}.Release|Any CPU.Build.0 = Release|Any CPU
		{46826932-8B96-4AD4-BA1C-353865CA001B}.Release|x64.ActiveCfg = Release|Any CPU
		{46826932-8B96-4AD4-BA1C-353865CA001B}.Release|x64.Build.0 = Release|Any CPU
		{46826932-8B96-4AD4-BA1C-353865CA001B}.Release|x86.ActiveCfg = Release|Any CPU
		{46826932-8B96-4AD4-BA1C-353865CA001B}.Release|x86.Build.0 = Release|Any CPU
		{24EA7E7E-3A34-4C46-A625-B1BF1AEB0961}.Debug|Any CPU.ActiveCfg = Debug|Any CPU
		{24EA7E7E-3A34-4C46-A625-B1BF1AEB0961}.Debug|Any CPU.Build.0 = Debug|Any CPU
		{24EA7E7E-3A34-4C46-A625-B1BF1AEB0961}.Debug|x64.ActiveCfg = Debug|Any CPU
		{24EA7E7E-3A34-4C46-A625-B1BF1AEB0961}.Debug|x64.Build.0 = Debug|Any CPU
		{24EA7E7E-3A34-4C46-A625-B1BF1AEB0961}.Debug|x86.ActiveCfg = Debug|Any CPU
		{24EA7E7E-3A34-4C46-A625-B1BF1AEB0961}.Debug|x86.Build.0 = Debug|Any CPU
		{24EA7E7E-3A34-4C46-A625-B1BF1AEB0961}.Release|Any CPU.ActiveCfg = Release|Any CPU
		{24EA7E7E-3A34-4C46-A625-B1BF1AEB0961}.Release|Any CPU.Build.0 = Release|Any CPU
		{24EA7E7E-3A34-4C46-A625-B1BF1AEB0961}.Release|x64.ActiveCfg = Release|Any CPU
		{24EA7E7E-3A34-4C46-A625-B1BF1AEB0961}.Release|x64.Build.0 = Release|Any CPU
		{24EA7E7E-3A34-4C46-A625-B1BF1AEB0961}.Release|x86.ActiveCfg = Release|Any CPU
		{24EA7E7E-3A34-4C46-A625-B1BF1AEB0961}.Release|x86.Build.0 = Release|Any CPU
		{A14D5219-0425-4771-9C1A-425DACE9EF83}.Debug|Any CPU.ActiveCfg = Debug|Any CPU
		{A14D5219-0425-4771-9C1A-425DACE9EF83}.Debug|Any CPU.Build.0 = Debug|Any CPU
		{A14D5219-0425-4771-9C1A-425DACE9EF83}.Debug|x64.ActiveCfg = Debug|Any CPU
		{A14D5219-0425-4771-9C1A-425DACE9EF83}.Debug|x64.Build.0 = Debug|Any CPU
		{A14D5219-0425-4771-9C1A-425DACE9EF83}.Debug|x86.ActiveCfg = Debug|Any CPU
		{A14D5219-0425-4771-9C1A-425DACE9EF83}.Debug|x86.Build.0 = Debug|Any CPU
		{A14D5219-0425-4771-9C1A-425DACE9EF83}.Release|Any CPU.ActiveCfg = Release|Any CPU
		{A14D5219-0425-4771-9C1A-425DACE9EF83}.Release|Any CPU.Build.0 = Release|Any CPU
		{A14D5219-0425-4771-9C1A-425DACE9EF83}.Release|x64.ActiveCfg = Release|Any CPU
		{A14D5219-0425-4771-9C1A-425DACE9EF83}.Release|x64.Build.0 = Release|Any CPU
		{A14D5219-0425-4771-9C1A-425DACE9EF83}.Release|x86.ActiveCfg = Release|Any CPU
		{A14D5219-0425-4771-9C1A-425DACE9EF83}.Release|x86.Build.0 = Release|Any CPU
		{661DAEA4-8F53-4435-BF78-8416C610A7F0}.Debug|Any CPU.ActiveCfg = Debug|Any CPU
		{661DAEA4-8F53-4435-BF78-8416C610A7F0}.Debug|Any CPU.Build.0 = Debug|Any CPU
		{661DAEA4-8F53-4435-BF78-8416C610A7F0}.Debug|x64.ActiveCfg = Debug|Any CPU
		{661DAEA4-8F53-4435-BF78-8416C610A7F0}.Debug|x64.Build.0 = Debug|Any CPU
		{661DAEA4-8F53-4435-BF78-8416C610A7F0}.Debug|x86.ActiveCfg = Debug|Any CPU
		{661DAEA4-8F53-4435-BF78-8416C610A7F0}.Debug|x86.Build.0 = Debug|Any CPU
		{661DAEA4-8F53-4435-BF78-8416C610A7F0}.Release|Any CPU.ActiveCfg = Release|Any CPU
		{661DAEA4-8F53-4435-BF78-8416C610A7F0}.Release|Any CPU.Build.0 = Release|Any CPU
		{661DAEA4-8F53-4435-BF78-8416C610A7F0}.Release|x64.ActiveCfg = Release|Any CPU
		{661DAEA4-8F53-4435-BF78-8416C610A7F0}.Release|x64.Build.0 = Release|Any CPU
		{661DAEA4-8F53-4435-BF78-8416C610A7F0}.Release|x86.ActiveCfg = Release|Any CPU
		{661DAEA4-8F53-4435-BF78-8416C610A7F0}.Release|x86.Build.0 = Release|Any CPU
		{1947FE6B-1D34-1E9D-D9CF-2EA4CC772C44}.Debug|Any CPU.ActiveCfg = Debug|Any CPU
		{1947FE6B-1D34-1E9D-D9CF-2EA4CC772C44}.Debug|Any CPU.Build.0 = Debug|Any CPU
		{1947FE6B-1D34-1E9D-D9CF-2EA4CC772C44}.Debug|x64.ActiveCfg = Debug|Any CPU
		{1947FE6B-1D34-1E9D-D9CF-2EA4CC772C44}.Debug|x64.Build.0 = Debug|Any CPU
		{1947FE6B-1D34-1E9D-D9CF-2EA4CC772C44}.Debug|x86.ActiveCfg = Debug|Any CPU
		{1947FE6B-1D34-1E9D-D9CF-2EA4CC772C44}.Debug|x86.Build.0 = Debug|Any CPU
		{1947FE6B-1D34-1E9D-D9CF-2EA4CC772C44}.Release|Any CPU.ActiveCfg = Release|Any CPU
		{1947FE6B-1D34-1E9D-D9CF-2EA4CC772C44}.Release|Any CPU.Build.0 = Release|Any CPU
		{1947FE6B-1D34-1E9D-D9CF-2EA4CC772C44}.Release|x64.ActiveCfg = Release|Any CPU
		{1947FE6B-1D34-1E9D-D9CF-2EA4CC772C44}.Release|x64.Build.0 = Release|Any CPU
		{1947FE6B-1D34-1E9D-D9CF-2EA4CC772C44}.Release|x86.ActiveCfg = Release|Any CPU
		{1947FE6B-1D34-1E9D-D9CF-2EA4CC772C44}.Release|x86.Build.0 = Release|Any CPU
		{1900F52E-DEE0-4CDB-B446-385DECE7C6EC}.Debug|Any CPU.ActiveCfg = Debug|Any CPU
		{1900F52E-DEE0-4CDB-B446-385DECE7C6EC}.Debug|Any CPU.Build.0 = Debug|Any CPU
		{1900F52E-DEE0-4CDB-B446-385DECE7C6EC}.Debug|x64.ActiveCfg = Debug|Any CPU
		{1900F52E-DEE0-4CDB-B446-385DECE7C6EC}.Debug|x64.Build.0 = Debug|Any CPU
		{1900F52E-DEE0-4CDB-B446-385DECE7C6EC}.Debug|x86.ActiveCfg = Debug|Any CPU
		{1900F52E-DEE0-4CDB-B446-385DECE7C6EC}.Debug|x86.Build.0 = Debug|Any CPU
		{1900F52E-DEE0-4CDB-B446-385DECE7C6EC}.Release|Any CPU.ActiveCfg = Release|Any CPU
		{1900F52E-DEE0-4CDB-B446-385DECE7C6EC}.Release|Any CPU.Build.0 = Release|Any CPU
		{1900F52E-DEE0-4CDB-B446-385DECE7C6EC}.Release|x64.ActiveCfg = Release|Any CPU
		{1900F52E-DEE0-4CDB-B446-385DECE7C6EC}.Release|x64.Build.0 = Release|Any CPU
		{1900F52E-DEE0-4CDB-B446-385DECE7C6EC}.Release|x86.ActiveCfg = Release|Any CPU
		{1900F52E-DEE0-4CDB-B446-385DECE7C6EC}.Release|x86.Build.0 = Release|Any CPU
		{A3FE3D73-94B8-4C82-B295-C970C560EA63}.Debug|Any CPU.ActiveCfg = Debug|Any CPU
		{A3FE3D73-94B8-4C82-B295-C970C560EA63}.Debug|Any CPU.Build.0 = Debug|Any CPU
		{A3FE3D73-94B8-4C82-B295-C970C560EA63}.Debug|x64.ActiveCfg = Debug|Any CPU
		{A3FE3D73-94B8-4C82-B295-C970C560EA63}.Debug|x64.Build.0 = Debug|Any CPU
		{A3FE3D73-94B8-4C82-B295-C970C560EA63}.Debug|x86.ActiveCfg = Debug|Any CPU
		{A3FE3D73-94B8-4C82-B295-C970C560EA63}.Debug|x86.Build.0 = Debug|Any CPU
		{A3FE3D73-94B8-4C82-B295-C970C560EA63}.Release|Any CPU.ActiveCfg = Release|Any CPU
		{A3FE3D73-94B8-4C82-B295-C970C560EA63}.Release|Any CPU.Build.0 = Release|Any CPU
		{A3FE3D73-94B8-4C82-B295-C970C560EA63}.Release|x64.ActiveCfg = Release|Any CPU
		{A3FE3D73-94B8-4C82-B295-C970C560EA63}.Release|x64.Build.0 = Release|Any CPU
		{A3FE3D73-94B8-4C82-B295-C970C560EA63}.Release|x86.ActiveCfg = Release|Any CPU
		{A3FE3D73-94B8-4C82-B295-C970C560EA63}.Release|x86.Build.0 = Release|Any CPU
		{A896BA35-41D2-440B-9CF5-C33B26345935}.Debug|Any CPU.ActiveCfg = Debug|Any CPU
		{A896BA35-41D2-440B-9CF5-C33B26345935}.Debug|Any CPU.Build.0 = Debug|Any CPU
		{A896BA35-41D2-440B-9CF5-C33B26345935}.Debug|x64.ActiveCfg = Debug|Any CPU
		{A896BA35-41D2-440B-9CF5-C33B26345935}.Debug|x64.Build.0 = Debug|Any CPU
		{A896BA35-41D2-440B-9CF5-C33B26345935}.Debug|x86.ActiveCfg = Debug|Any CPU
		{A896BA35-41D2-440B-9CF5-C33B26345935}.Debug|x86.Build.0 = Debug|Any CPU
		{A896BA35-41D2-440B-9CF5-C33B26345935}.Release|Any CPU.ActiveCfg = Release|Any CPU
		{A896BA35-41D2-440B-9CF5-C33B26345935}.Release|Any CPU.Build.0 = Release|Any CPU
		{A896BA35-41D2-440B-9CF5-C33B26345935}.Release|x64.ActiveCfg = Release|Any CPU
		{A896BA35-41D2-440B-9CF5-C33B26345935}.Release|x64.Build.0 = Release|Any CPU
		{A896BA35-41D2-440B-9CF5-C33B26345935}.Release|x86.ActiveCfg = Release|Any CPU
		{A896BA35-41D2-440B-9CF5-C33B26345935}.Release|x86.Build.0 = Release|Any CPU
		{83F135D4-968B-41B3-B74F-1C7B3835EEAB}.Debug|Any CPU.ActiveCfg = Debug|Any CPU
		{83F135D4-968B-41B3-B74F-1C7B3835EEAB}.Debug|Any CPU.Build.0 = Debug|Any CPU
		{83F135D4-968B-41B3-B74F-1C7B3835EEAB}.Debug|x64.ActiveCfg = Debug|Any CPU
		{83F135D4-968B-41B3-B74F-1C7B3835EEAB}.Debug|x64.Build.0 = Debug|Any CPU
		{83F135D4-968B-41B3-B74F-1C7B3835EEAB}.Debug|x86.ActiveCfg = Debug|Any CPU
		{83F135D4-968B-41B3-B74F-1C7B3835EEAB}.Debug|x86.Build.0 = Debug|Any CPU
		{83F135D4-968B-41B3-B74F-1C7B3835EEAB}.Release|Any CPU.ActiveCfg = Release|Any CPU
		{83F135D4-968B-41B3-B74F-1C7B3835EEAB}.Release|Any CPU.Build.0 = Release|Any CPU
		{83F135D4-968B-41B3-B74F-1C7B3835EEAB}.Release|x64.ActiveCfg = Release|Any CPU
		{83F135D4-968B-41B3-B74F-1C7B3835EEAB}.Release|x64.Build.0 = Release|Any CPU
		{83F135D4-968B-41B3-B74F-1C7B3835EEAB}.Release|x86.ActiveCfg = Release|Any CPU
		{83F135D4-968B-41B3-B74F-1C7B3835EEAB}.Release|x86.Build.0 = Release|Any CPU
		{0F5E8822-1AB3-43A6-85DB-33CAA6537FC4}.Debug|Any CPU.ActiveCfg = Debug|Any CPU
		{0F5E8822-1AB3-43A6-85DB-33CAA6537FC4}.Debug|Any CPU.Build.0 = Debug|Any CPU
		{0F5E8822-1AB3-43A6-85DB-33CAA6537FC4}.Debug|x64.ActiveCfg = Debug|Any CPU
		{0F5E8822-1AB3-43A6-85DB-33CAA6537FC4}.Debug|x64.Build.0 = Debug|Any CPU
		{0F5E8822-1AB3-43A6-85DB-33CAA6537FC4}.Debug|x86.ActiveCfg = Debug|Any CPU
		{0F5E8822-1AB3-43A6-85DB-33CAA6537FC4}.Debug|x86.Build.0 = Debug|Any CPU
		{0F5E8822-1AB3-43A6-85DB-33CAA6537FC4}.Release|Any CPU.ActiveCfg = Release|Any CPU
		{0F5E8822-1AB3-43A6-85DB-33CAA6537FC4}.Release|Any CPU.Build.0 = Release|Any CPU
		{0F5E8822-1AB3-43A6-85DB-33CAA6537FC4}.Release|x64.ActiveCfg = Release|Any CPU
		{0F5E8822-1AB3-43A6-85DB-33CAA6537FC4}.Release|x64.Build.0 = Release|Any CPU
		{0F5E8822-1AB3-43A6-85DB-33CAA6537FC4}.Release|x86.ActiveCfg = Release|Any CPU
		{0F5E8822-1AB3-43A6-85DB-33CAA6537FC4}.Release|x86.Build.0 = Release|Any CPU
		{C653AAEA-B6AD-442F-9107-831D665C30A1}.Debug|Any CPU.ActiveCfg = Debug|Any CPU
		{C653AAEA-B6AD-442F-9107-831D665C30A1}.Debug|Any CPU.Build.0 = Debug|Any CPU
		{C653AAEA-B6AD-442F-9107-831D665C30A1}.Debug|x64.ActiveCfg = Debug|Any CPU
		{C653AAEA-B6AD-442F-9107-831D665C30A1}.Debug|x64.Build.0 = Debug|Any CPU
		{C653AAEA-B6AD-442F-9107-831D665C30A1}.Debug|x86.ActiveCfg = Debug|Any CPU
		{C653AAEA-B6AD-442F-9107-831D665C30A1}.Debug|x86.Build.0 = Debug|Any CPU
		{C653AAEA-B6AD-442F-9107-831D665C30A1}.Release|Any CPU.ActiveCfg = Release|Any CPU
		{C653AAEA-B6AD-442F-9107-831D665C30A1}.Release|Any CPU.Build.0 = Release|Any CPU
		{C653AAEA-B6AD-442F-9107-831D665C30A1}.Release|x64.ActiveCfg = Release|Any CPU
		{C653AAEA-B6AD-442F-9107-831D665C30A1}.Release|x64.Build.0 = Release|Any CPU
		{C653AAEA-B6AD-442F-9107-831D665C30A1}.Release|x86.ActiveCfg = Release|Any CPU
		{C653AAEA-B6AD-442F-9107-831D665C30A1}.Release|x86.Build.0 = Release|Any CPU
		{7C909FAF-D398-401A-AFC3-7717A0F39BF7}.Debug|Any CPU.ActiveCfg = Debug|Any CPU
		{7C909FAF-D398-401A-AFC3-7717A0F39BF7}.Debug|Any CPU.Build.0 = Debug|Any CPU
		{7C909FAF-D398-401A-AFC3-7717A0F39BF7}.Debug|x64.ActiveCfg = Debug|Any CPU
		{7C909FAF-D398-401A-AFC3-7717A0F39BF7}.Debug|x64.Build.0 = Debug|Any CPU
		{7C909FAF-D398-401A-AFC3-7717A0F39BF7}.Debug|x86.ActiveCfg = Debug|Any CPU
		{7C909FAF-D398-401A-AFC3-7717A0F39BF7}.Debug|x86.Build.0 = Debug|Any CPU
		{7C909FAF-D398-401A-AFC3-7717A0F39BF7}.Release|Any CPU.ActiveCfg = Release|Any CPU
		{7C909FAF-D398-401A-AFC3-7717A0F39BF7}.Release|Any CPU.Build.0 = Release|Any CPU
		{7C909FAF-D398-401A-AFC3-7717A0F39BF7}.Release|x64.ActiveCfg = Release|Any CPU
		{7C909FAF-D398-401A-AFC3-7717A0F39BF7}.Release|x64.Build.0 = Release|Any CPU
		{7C909FAF-D398-401A-AFC3-7717A0F39BF7}.Release|x86.ActiveCfg = Release|Any CPU
		{7C909FAF-D398-401A-AFC3-7717A0F39BF7}.Release|x86.Build.0 = Release|Any CPU
		{3C41AED3-E8A9-485A-8C2E-E1BF7A418CCA}.Debug|Any CPU.ActiveCfg = Debug|Any CPU
		{3C41AED3-E8A9-485A-8C2E-E1BF7A418CCA}.Debug|Any CPU.Build.0 = Debug|Any CPU
		{3C41AED3-E8A9-485A-8C2E-E1BF7A418CCA}.Debug|x64.ActiveCfg = Debug|Any CPU
		{3C41AED3-E8A9-485A-8C2E-E1BF7A418CCA}.Debug|x64.Build.0 = Debug|Any CPU
		{3C41AED3-E8A9-485A-8C2E-E1BF7A418CCA}.Debug|x86.ActiveCfg = Debug|Any CPU
		{3C41AED3-E8A9-485A-8C2E-E1BF7A418CCA}.Debug|x86.Build.0 = Debug|Any CPU
		{3C41AED3-E8A9-485A-8C2E-E1BF7A418CCA}.Release|Any CPU.ActiveCfg = Release|Any CPU
		{3C41AED3-E8A9-485A-8C2E-E1BF7A418CCA}.Release|Any CPU.Build.0 = Release|Any CPU
		{3C41AED3-E8A9-485A-8C2E-E1BF7A418CCA}.Release|x64.ActiveCfg = Release|Any CPU
		{3C41AED3-E8A9-485A-8C2E-E1BF7A418CCA}.Release|x64.Build.0 = Release|Any CPU
		{3C41AED3-E8A9-485A-8C2E-E1BF7A418CCA}.Release|x86.ActiveCfg = Release|Any CPU
		{3C41AED3-E8A9-485A-8C2E-E1BF7A418CCA}.Release|x86.Build.0 = Release|Any CPU
		{5FDEB5A4-6B35-4723-8E47-DD73655E066F}.Debug|Any CPU.ActiveCfg = Debug|Any CPU
		{5FDEB5A4-6B35-4723-8E47-DD73655E066F}.Debug|Any CPU.Build.0 = Debug|Any CPU
		{5FDEB5A4-6B35-4723-8E47-DD73655E066F}.Debug|x64.ActiveCfg = Debug|Any CPU
		{5FDEB5A4-6B35-4723-8E47-DD73655E066F}.Debug|x64.Build.0 = Debug|Any CPU
		{5FDEB5A4-6B35-4723-8E47-DD73655E066F}.Debug|x86.ActiveCfg = Debug|Any CPU
		{5FDEB5A4-6B35-4723-8E47-DD73655E066F}.Debug|x86.Build.0 = Debug|Any CPU
		{5FDEB5A4-6B35-4723-8E47-DD73655E066F}.Release|Any CPU.ActiveCfg = Release|Any CPU
		{5FDEB5A4-6B35-4723-8E47-DD73655E066F}.Release|Any CPU.Build.0 = Release|Any CPU
		{5FDEB5A4-6B35-4723-8E47-DD73655E066F}.Release|x64.ActiveCfg = Release|Any CPU
		{5FDEB5A4-6B35-4723-8E47-DD73655E066F}.Release|x64.Build.0 = Release|Any CPU
		{5FDEB5A4-6B35-4723-8E47-DD73655E066F}.Release|x86.ActiveCfg = Release|Any CPU
		{5FDEB5A4-6B35-4723-8E47-DD73655E066F}.Release|x86.Build.0 = Release|Any CPU
		{9217E8FF-7D80-4A85-AD3E-93DBDEC4106C}.Debug|Any CPU.ActiveCfg = Debug|Any CPU
		{9217E8FF-7D80-4A85-AD3E-93DBDEC4106C}.Debug|Any CPU.Build.0 = Debug|Any CPU
		{9217E8FF-7D80-4A85-AD3E-93DBDEC4106C}.Debug|x64.ActiveCfg = Debug|Any CPU
		{9217E8FF-7D80-4A85-AD3E-93DBDEC4106C}.Debug|x64.Build.0 = Debug|Any CPU
		{9217E8FF-7D80-4A85-AD3E-93DBDEC4106C}.Debug|x86.ActiveCfg = Debug|Any CPU
		{9217E8FF-7D80-4A85-AD3E-93DBDEC4106C}.Debug|x86.Build.0 = Debug|Any CPU
		{9217E8FF-7D80-4A85-AD3E-93DBDEC4106C}.Release|Any CPU.ActiveCfg = Release|Any CPU
		{9217E8FF-7D80-4A85-AD3E-93DBDEC4106C}.Release|Any CPU.Build.0 = Release|Any CPU
		{9217E8FF-7D80-4A85-AD3E-93DBDEC4106C}.Release|x64.ActiveCfg = Release|Any CPU
		{9217E8FF-7D80-4A85-AD3E-93DBDEC4106C}.Release|x64.Build.0 = Release|Any CPU
		{9217E8FF-7D80-4A85-AD3E-93DBDEC4106C}.Release|x86.ActiveCfg = Release|Any CPU
		{9217E8FF-7D80-4A85-AD3E-93DBDEC4106C}.Release|x86.Build.0 = Release|Any CPU
		{0FADC451-298B-4813-BD24-3160F35B1DB2}.Debug|Any CPU.ActiveCfg = Debug|Any CPU
		{0FADC451-298B-4813-BD24-3160F35B1DB2}.Debug|Any CPU.Build.0 = Debug|Any CPU
		{0FADC451-298B-4813-BD24-3160F35B1DB2}.Debug|x64.ActiveCfg = Debug|Any CPU
		{0FADC451-298B-4813-BD24-3160F35B1DB2}.Debug|x64.Build.0 = Debug|Any CPU
		{0FADC451-298B-4813-BD24-3160F35B1DB2}.Debug|x86.ActiveCfg = Debug|Any CPU
		{0FADC451-298B-4813-BD24-3160F35B1DB2}.Debug|x86.Build.0 = Debug|Any CPU
		{0FADC451-298B-4813-BD24-3160F35B1DB2}.Release|Any CPU.ActiveCfg = Release|Any CPU
		{0FADC451-298B-4813-BD24-3160F35B1DB2}.Release|Any CPU.Build.0 = Release|Any CPU
		{0FADC451-298B-4813-BD24-3160F35B1DB2}.Release|x64.ActiveCfg = Release|Any CPU
		{0FADC451-298B-4813-BD24-3160F35B1DB2}.Release|x64.Build.0 = Release|Any CPU
		{0FADC451-298B-4813-BD24-3160F35B1DB2}.Release|x86.ActiveCfg = Release|Any CPU
		{0FADC451-298B-4813-BD24-3160F35B1DB2}.Release|x86.Build.0 = Release|Any CPU
		{186804AB-2577-4CD0-B043-EACD92046D31}.Debug|Any CPU.ActiveCfg = Debug|Any CPU
		{186804AB-2577-4CD0-B043-EACD92046D31}.Debug|Any CPU.Build.0 = Debug|Any CPU
		{186804AB-2577-4CD0-B043-EACD92046D31}.Debug|x64.ActiveCfg = Debug|Any CPU
		{186804AB-2577-4CD0-B043-EACD92046D31}.Debug|x64.Build.0 = Debug|Any CPU
		{186804AB-2577-4CD0-B043-EACD92046D31}.Debug|x86.ActiveCfg = Debug|Any CPU
		{186804AB-2577-4CD0-B043-EACD92046D31}.Debug|x86.Build.0 = Debug|Any CPU
		{186804AB-2577-4CD0-B043-EACD92046D31}.Release|Any CPU.ActiveCfg = Release|Any CPU
		{186804AB-2577-4CD0-B043-EACD92046D31}.Release|Any CPU.Build.0 = Release|Any CPU
		{186804AB-2577-4CD0-B043-EACD92046D31}.Release|x64.ActiveCfg = Release|Any CPU
		{186804AB-2577-4CD0-B043-EACD92046D31}.Release|x64.Build.0 = Release|Any CPU
		{186804AB-2577-4CD0-B043-EACD92046D31}.Release|x86.ActiveCfg = Release|Any CPU
		{186804AB-2577-4CD0-B043-EACD92046D31}.Release|x86.Build.0 = Release|Any CPU
		{BD026A1F-053E-4345-9165-6C4C68D914B9}.Debug|Any CPU.ActiveCfg = Debug|Any CPU
		{BD026A1F-053E-4345-9165-6C4C68D914B9}.Debug|Any CPU.Build.0 = Debug|Any CPU
		{BD026A1F-053E-4345-9165-6C4C68D914B9}.Debug|x64.ActiveCfg = Debug|Any CPU
		{BD026A1F-053E-4345-9165-6C4C68D914B9}.Debug|x64.Build.0 = Debug|Any CPU
		{BD026A1F-053E-4345-9165-6C4C68D914B9}.Debug|x86.ActiveCfg = Debug|Any CPU
		{BD026A1F-053E-4345-9165-6C4C68D914B9}.Debug|x86.Build.0 = Debug|Any CPU
		{BD026A1F-053E-4345-9165-6C4C68D914B9}.Release|Any CPU.ActiveCfg = Release|Any CPU
		{BD026A1F-053E-4345-9165-6C4C68D914B9}.Release|Any CPU.Build.0 = Release|Any CPU
		{BD026A1F-053E-4345-9165-6C4C68D914B9}.Release|x64.ActiveCfg = Release|Any CPU
		{BD026A1F-053E-4345-9165-6C4C68D914B9}.Release|x64.Build.0 = Release|Any CPU
		{BD026A1F-053E-4345-9165-6C4C68D914B9}.Release|x86.ActiveCfg = Release|Any CPU
		{BD026A1F-053E-4345-9165-6C4C68D914B9}.Release|x86.Build.0 = Release|Any CPU
		{FFC3B172-17ED-4A9A-A77A-80CEB7781D51}.Debug|Any CPU.ActiveCfg = Debug|Any CPU
		{FFC3B172-17ED-4A9A-A77A-80CEB7781D51}.Debug|Any CPU.Build.0 = Debug|Any CPU
		{FFC3B172-17ED-4A9A-A77A-80CEB7781D51}.Debug|x64.ActiveCfg = Debug|Any CPU
		{FFC3B172-17ED-4A9A-A77A-80CEB7781D51}.Debug|x64.Build.0 = Debug|Any CPU
		{FFC3B172-17ED-4A9A-A77A-80CEB7781D51}.Debug|x86.ActiveCfg = Debug|Any CPU
		{FFC3B172-17ED-4A9A-A77A-80CEB7781D51}.Debug|x86.Build.0 = Debug|Any CPU
		{FFC3B172-17ED-4A9A-A77A-80CEB7781D51}.Release|Any CPU.ActiveCfg = Release|Any CPU
		{FFC3B172-17ED-4A9A-A77A-80CEB7781D51}.Release|Any CPU.Build.0 = Release|Any CPU
		{FFC3B172-17ED-4A9A-A77A-80CEB7781D51}.Release|x64.ActiveCfg = Release|Any CPU
		{FFC3B172-17ED-4A9A-A77A-80CEB7781D51}.Release|x64.Build.0 = Release|Any CPU
		{FFC3B172-17ED-4A9A-A77A-80CEB7781D51}.Release|x86.ActiveCfg = Release|Any CPU
		{FFC3B172-17ED-4A9A-A77A-80CEB7781D51}.Release|x86.Build.0 = Release|Any CPU
	EndGlobalSection
	GlobalSection(SolutionProperties) = preSolution
		HideSolutionNode = FALSE
	EndGlobalSection
	GlobalSection(NestedProjects) = preSolution
		{0FADC451-298B-4813-BD24-3160F35B1DB2} = {0AB3BF05-4346-4AA6-1389-037BE0695223}
		{BDAA438D-2FBC-07AF-F2C4-BB2EA199DBEF} = {827E0CD3-B72D-47B6-A68D-7590B98EB39B}
		{FFC3B172-17ED-4A9A-A77A-80CEB7781D51} = {BDAA438D-2FBC-07AF-F2C4-BB2EA199DBEF}
	EndGlobalSection
	GlobalSection(ExtensibilityGlobals) = postSolution
		SolutionGuid = {B74349E3-6740-4DB3-B30C-8979D0411979}
	EndGlobalSection
EndGlobal
